
Microsoft Visual Studio Solution File, Format Version 12.00
# Visual Studio Express 2012 for Windows Phone
Project("{FAE04EC0-301F-11D3-BF4B-00C04F79EFBC}") = "WindowsPhoneGame1", "WindowsPhoneGame1\WindowsPhoneGame1\WindowsPhoneGame1.csproj", "{3EA2CADA-B820-4D8C-AAD9-4CC5725C5358}"
EndProject
Project("{96E2B04D-8817-42C6-938A-82C39BA4D311}") = "WindowsPhoneGame1Content", "WindowsPhoneGame1\WindowsPhoneGame1Content\WindowsPhoneGame1Content.contentproj", "{E1911325-61C3-469C-8672-ABE878C338D2}"
EndProject
Global
	GlobalSection(SolutionConfigurationPlatforms) = preSolution
		Debug|Windows Phone = Debug|Windows Phone
		Release|Windows Phone = Release|Windows Phone
	EndGlobalSection
	GlobalSection(ProjectConfigurationPlatforms) = postSolution
		{3EA2CADA-B820-4D8C-AAD9-4CC5725C5358}.Debug|Windows Phone.ActiveCfg = Debug|Windows Phone
		{3EA2CADA-B820-4D8C-AAD9-4CC5725C5358}.Debug|Windows Phone.Build.0 = Debug|Windows Phone
		{3EA2CADA-B820-4D8C-AAD9-4CC5725C5358}.Debug|Windows Phone.Deploy.0 = Debug|Windows Phone
		{3EA2CADA-B820-4D8C-AAD9-4CC5725C5358}.Release|Windows Phone.ActiveCfg = Release|Windows Phone
		{3EA2CADA-B820-4D8C-AAD9-4CC5725C5358}.Release|Windows Phone.Build.0 = Release|Windows Phone
		{3EA2CADA-B820-4D8C-AAD9-4CC5725C5358}.Release|Windows Phone.Deploy.0 = Release|Windows Phone
		{E1911325-61C3-469C-8672-ABE878C338D2}.Debug|Windows Phone.ActiveCfg = Debug|Windows Phone
		{E1911325-61C3-469C-8672-ABE878C338D2}.Release|Windows Phone.ActiveCfg = Release|Windows Phone
	EndGlobalSection
	GlobalSection(SolutionProperties) = preSolution
		HideSolutionNode = FALSE
	EndGlobalSection
EndGlobal
